
Microsoft Visual Studio Solution File, Format Version 12.00
Project("{FAE04EC0-301F-11D3-BF4B-00C04F79EFBC}") = "UnblockableThrust", "UnblockableThrust.csproj", "{BF6F739D-BA83-4CEF-943B-CE3F8A8EFF2A}"
EndProject
Global
	GlobalSection(SolutionConfigurationPlatforms) = preSolution
		Debug|Any CPU = Debug|Any CPU
		Release|Any CPU = Release|Any CPU
	EndGlobalSection
	GlobalSection(ProjectConfigurationPlatforms) = postSolution
		{BF6F739D-BA83-4CEF-943B-CE3F8A8EFF2A}.Debug|Any CPU.ActiveCfg = Debug|Any CPU
		{BF6F739D-BA83-4CEF-943B-CE3F8A8EFF2A}.Debug|Any CPU.Build.0 = Debug|Any CPU
		{BF6F739D-BA83-4CEF-943B-CE3F8A8EFF2A}.Release|Any CPU.ActiveCfg = Release|Any CPU
		{BF6F739D-BA83-4CEF-943B-CE3F8A8EFF2A}.Release|Any CPU.Build.0 = Release|Any CPU
	EndGlobalSection
EndGlobal
